
Microsoft Visual Studio Solution File, Format Version 12.00
# Visual Studio Version 16
VisualStudioVersion = 25.0.1706.12
MinimumVisualStudioVersion = 10.0.40219.1
Project("{FAE04EC0-301F-11D3-BF4B-00C04F79EFBC}") = "practice_Api", "practice_Api\practice_Api.csproj", "{7BFD8087-3FE6-4D4A-8D96-276C625C0F81}"
EndProject
Global
	GlobalSection(SolutionConfigurationPlatforms) = preSolution
		Debug|Any CPU = Debug|Any CPU
		Release|Any CPU = Release|Any CPU
	EndGlobalSection
	GlobalSection(ProjectConfigurationPlatforms) = postSolution
		{7BFD8087-3FE6-4D4A-8D96-276C625C0F81}.Debug|Any CPU.ActiveCfg = Debug|Any CPU
		{7BFD8087-3FE6-4D4A-8D96-276C625C0F81}.Debug|Any CPU.Build.0 = Debug|Any CPU
		{7BFD8087-3FE6-4D4A-8D96-276C625C0F81}.Release|Any CPU.ActiveCfg = Release|Any CPU
		{7BFD8087-3FE6-4D4A-8D96-276C625C0F81}.Release|Any CPU.Build.0 = Release|Any CPU
	EndGlobalSection
	GlobalSection(SolutionProperties) = preSolution
		HideSolutionNode = FALSE
	EndGlobalSection
	GlobalSection(ExtensibilityGlobals) = postSolution
		SolutionGuid = {8799C55F-4DFA-4FF7-B945-E0338AFEB409}
	EndGlobalSection
EndGlobal
